Microsoft Visual Studio Solution File, Format Version 12.00
# Visual Studio Version 17
VisualStudioVersion = 17.5.2.0
MinimumVisualStudioVersion = 10.0.40219.1
Project("{FAE04EC0-301F-11D3-BF4B-00C04F79EFBC}") = "httpCpfValidator", "httpCpfValidator\httpCpfValidator.csproj", "{FE3F61ED-149B-C4A4-868C-B2284415FCC1}"
EndProject
Global
	GlobalSection(SolutionConfigurationPlatforms) = preSolution
		Debug|Any CPU = Debug|Any CPU
		Release|Any CPU = Release|Any CPU
	EndGlobalSection
	GlobalSection(ProjectConfigurationPlatforms) = postSolution
		{FE3F61ED-149B-C4A4-868C-B2284415FCC1}.Debug|Any CPU.ActiveCfg = Debug|Any CPU
		{FE3F61ED-149B-C4A4-868C-B2284415FCC1}.Debug|Any CPU.Build.0 = Debug|Any CPU
		{FE3F61ED-149B-C4A4-868C-B2284415FCC1}.Release|Any CPU.ActiveCfg = Release|Any CPU
		{FE3F61ED-149B-C4A4-868C-B2284415FCC1}.Release|Any CPU.Build.0 = Release|Any CPU
	EndGlobalSection
	GlobalSection(SolutionProperties) = preSolution
		HideSolutionNode = FALSE
	EndGlobalSection
	GlobalSection(ExtensibilityGlobals) = postSolution
		SolutionGuid = {7C35717A-0976-4A08-A90B-214AA07CC7FE}
	EndGlobalSection
EndGlobal
